
Microsoft Visual Studio Solution File, Format Version 12.00
# Visual Studio Version 17
VisualStudioVersion = 17.3.32901.215
MinimumVisualStudioVersion = 10.0.40219.1
Project("{FAE04EC0-301F-11D3-BF4B-00C04F79EFBC}") = "CCC.CompositionApi.Server.Plugin", "CCC.CompositionApi.Server.Plugin.csproj", "{A0A0A0E0-E0EB-4E2A-AF09-F18FD365E316}"
EndProject
Global
	GlobalSection(SolutionConfigurationPlatforms) = preSolution
		Debug|Any CPU = Debug|Any CPU
		Release|Any CPU = Release|Any CPU
	EndGlobalSection
	GlobalSection(ProjectConfigurationPlatforms) = postSolution
		{A0A0A0E0-E0EB-4E2A-AF09-F18FD365E316}.Debug|Any CPU.ActiveCfg = Debug|Any CPU
		{A0A0A0E0-E0EB-4E2A-AF09-F18FD365E316}.Debug|Any CPU.Build.0 = Debug|Any CPU
		{A0A0A0E0-E0EB-4E2A-AF09-F18FD365E316}.Release|Any CPU.ActiveCfg = Release|Any CPU
		{A0A0A0E0-E0EB-4E2A-AF09-F18FD365E316}.Release|Any CPU.Build.0 = Release|Any CPU
	EndGlobalSection
	GlobalSection(SolutionProperties) = preSolution
		HideSolutionNode = FALSE
	EndGlobalSection
	GlobalSection(ExtensibilityGlobals) = postSolution
		SolutionGuid = {E157CF6E-6035-45A7-B3B6-B19139A879EB}
	EndGlobalSection
EndGlobal
